# THIS IS AN AUTOGENERATED FILE. DO NOT EDIT THIS FILE DIRECTLY.
# yarn lockfile v1


jsonexport@^2.4.1:
  version "2.4.1"
  resolved "https://registry.yarnpkg.com/jsonexport/-/jsonexport-2.4.1.tgz#2148920875c6e0049d188e5e2da356a79cca947e"
  integrity sha512-8O+yka4X6KxVMJDnzQh7NaoqgNX96gMbX7jb2JMb3CfxXfEvPpRpYyb+2/HpKjxR7Abr7zlvqxV4/cpqmExPSw==

node-fetch@^2.6.1:
  version "2.6.1"
  resolved "https://registry.yarnpkg.com/node-fetch/-/node-fetch-2.6.1.tgz#045bd323631f76ed2e2b55573394416b639a0052"
  integrity sha512-V4aYg89jEoVRxRb2fJdAg8FHvI7cEyYdVAh94HH0UIK8oJxUfkjlDQN9RbMx+bEjP7+ggMiFRprSti032Oipxw==
